
Microsoft Visual Studio Solution File, Format Version 12.00
# Visual Studio Version 16
VisualStudioVersion = 16.0.30011.22
MinimumVisualStudioVersion = 10.0.40219.1
Project("{FAE04EC0-301F-11D3-BF4B-00C04F79EFBC}") = "MiCalculadora", "MiCalculadora\MiCalculadora.csproj", "{5CCF3414-5C32-4D97-B182-E52EBCDFB351}"
EndProject
Project("{FAE04EC0-301F-11D3-BF4B-00C04F79EFBC}") = "Entidades", "Entidades\Entidades.csproj", "{70F712E3-8292-4242-9B74-6ABEECB9281B}"
EndProject
Global
	GlobalSection(SolutionConfigurationPlatforms) = preSolution
		Debug|Any CPU = Debug|Any CPU
		Release|Any CPU = Release|Any CPU
	EndGlobalSection
	GlobalSection(ProjectConfigurationPlatforms) = postSolution
		{5CCF3414-5C32-4D97-B182-E52EBCDFB351}.Debug|Any CPU.ActiveCfg = Debug|Any CPU
		{5CCF3414-5C32-4D97-B182-E52EBCDFB351}.Debug|Any CPU.Build.0 = Debug|Any CPU
		{5CCF3414-5C32-4D97-B182-E52EBCDFB351}.Release|Any CPU.ActiveCfg = Release|Any CPU
		{5CCF3414-5C32-4D97-B182-E52EBCDFB351}.Release|Any CPU.Build.0 = Release|Any CPU
		{70F712E3-8292-4242-9B74-6ABEECB9281B}.Debug|Any CPU.ActiveCfg = Debug|Any CPU
		{70F712E3-8292-4242-9B74-6ABEECB9281B}.Debug|Any CPU.Build.0 = Debug|Any CPU
		{70F712E3-8292-4242-9B74-6ABEECB9281B}.Release|Any CPU.ActiveCfg = Release|Any CPU
		{70F712E3-8292-4242-9B74-6ABEECB9281B}.Release|Any CPU.Build.0 = Release|Any CPU
	EndGlobalSection
	GlobalSection(SolutionProperties) = preSolution
		HideSolutionNode = FALSE
	EndGlobalSection
	GlobalSection(ExtensibilityGlobals) = postSolution
		SolutionGuid = {7BB7C0BF-003D-4A51-BD4E-317981F8170C}
	EndGlobalSection
EndGlobal
