
Microsoft Visual Studio Solution File, Format Version 12.00
# Visual Studio Version 16
VisualStudioVersion = 16.0.30114.105
MinimumVisualStudioVersion = 10.0.40219.1
Project("{FAE04EC0-301F-11D3-BF4B-00C04F79EFBC}") = "Ejercicio_47", "Ejercicio_47\Ejercicio_47.csproj", "{F880BD46-A91A-4B01-9337-CFBE0AAD07C7}"
EndProject
Project("{FAE04EC0-301F-11D3-BF4B-00C04F79EFBC}") = "Torneo_Console", "Torneo_Console\Torneo_Console.csproj", "{334E84B9-84DA-4766-B59A-6FFB496282C3}"
EndProject
Project("{FAE04EC0-301F-11D3-BF4B-00C04F79EFBC}") = "Ejercicio_48", "Ejercicio_48\Ejercicio_48.csproj", "{33CA898D-F62C-4DEE-8329-F541F4BC7CB4}"
EndProject
Project("{FAE04EC0-301F-11D3-BF4B-00C04F79EFBC}") = "Contabilidad_Console", "Contabilidad_Console\Contabilidad_Console.csproj", "{BB17A3A7-7144-43C5-8179-E7902D75A793}"
EndProject
Global
	GlobalSection(SolutionConfigurationPlatforms) = preSolution
		Debug|Any CPU = Debug|Any CPU
		Release|Any CPU = Release|Any CPU
	EndGlobalSection
	GlobalSection(ProjectConfigurationPlatforms) = postSolution
		{F880BD46-A91A-4B01-9337-CFBE0AAD07C7}.Debug|Any CPU.ActiveCfg = Debug|Any CPU
		{F880BD46-A91A-4B01-9337-CFBE0AAD07C7}.Debug|Any CPU.Build.0 = Debug|Any CPU
		{F880BD46-A91A-4B01-9337-CFBE0AAD07C7}.Release|Any CPU.ActiveCfg = Release|Any CPU
		{F880BD46-A91A-4B01-9337-CFBE0AAD07C7}.Release|Any CPU.Build.0 = Release|Any CPU
		{334E84B9-84DA-4766-B59A-6FFB496282C3}.Debug|Any CPU.ActiveCfg = Debug|Any CPU
		{334E84B9-84DA-4766-B59A-6FFB496282C3}.Debug|Any CPU.Build.0 = Debug|Any CPU
		{334E84B9-84DA-4766-B59A-6FFB496282C3}.Release|Any CPU.ActiveCfg = Release|Any CPU
		{334E84B9-84DA-4766-B59A-6FFB496282C3}.Release|Any CPU.Build.0 = Release|Any CPU
		{33CA898D-F62C-4DEE-8329-F541F4BC7CB4}.Debug|Any CPU.ActiveCfg = Debug|Any CPU
		{33CA898D-F62C-4DEE-8329-F541F4BC7CB4}.Debug|Any CPU.Build.0 = Debug|Any CPU
		{33CA898D-F62C-4DEE-8329-F541F4BC7CB4}.Release|Any CPU.ActiveCfg = Release|Any CPU
		{33CA898D-F62C-4DEE-8329-F541F4BC7CB4}.Release|Any CPU.Build.0 = Release|Any CPU
		{BB17A3A7-7144-43C5-8179-E7902D75A793}.Debug|Any CPU.ActiveCfg = Debug|Any CPU
		{BB17A3A7-7144-43C5-8179-E7902D75A793}.Debug|Any CPU.Build.0 = Debug|Any CPU
		{BB17A3A7-7144-43C5-8179-E7902D75A793}.Release|Any CPU.ActiveCfg = Release|Any CPU
		{BB17A3A7-7144-43C5-8179-E7902D75A793}.Release|Any CPU.Build.0 = Release|Any CPU
	EndGlobalSection
	GlobalSection(SolutionProperties) = preSolution
		HideSolutionNode = FALSE
	EndGlobalSection
	GlobalSection(ExtensibilityGlobals) = postSolution
		SolutionGuid = {76AEC3A0-4E9B-4541-AB15-5216A63F163F}
	EndGlobalSection
EndGlobal
