
Microsoft Visual Studio Solution File, Format Version 12.00
# Visual Studio Version 16
VisualStudioVersion = 16.0.30204.135
MinimumVisualStudioVersion = 10.0.40219.1
Project("{FAE04EC0-301F-11D3-BF4B-00C04F79EFBC}") = "Entidades", "Entidades\Entidades.csproj", "{659C7C33-5763-4A44-9DC0-FD7C4527E14D}"
EndProject
Project("{FAE04EC0-301F-11D3-BF4B-00C04F79EFBC}") = "Interfaces", "Interfaces\Interfaces.csproj", "{F47171AB-F8C5-425D-9317-C4688248E626}"
EndProject
Project("{FAE04EC0-301F-11D3-BF4B-00C04F79EFBC}") = "CorreoException", "CorreoException\CorreoException.csproj", "{0FCE62E0-31D2-42D0-A344-A536755AE45A}"
EndProject
Project("{FAE04EC0-301F-11D3-BF4B-00C04F79EFBC}") = "FormCorreo", "FormCorreo\FormCorreo.csproj", "{D00DF46F-C6D9-4E40-AC54-6EB5CB9567FE}"
EndProject
Project("{FAE04EC0-301F-11D3-BF4B-00C04F79EFBC}") = "TestCorreo", "TestCorreo\TestCorreo.csproj", "{F8156F8C-FCDE-4AC8-8511-36A857CFBACF}"
EndProject
Global
	GlobalSection(SolutionConfigurationPlatforms) = preSolution
		Debug|Any CPU = Debug|Any CPU
		Release|Any CPU = Release|Any CPU
	EndGlobalSection
	GlobalSection(ProjectConfigurationPlatforms) = postSolution
		{659C7C33-5763-4A44-9DC0-FD7C4527E14D}.Debug|Any CPU.ActiveCfg = Debug|Any CPU
		{659C7C33-5763-4A44-9DC0-FD7C4527E14D}.Debug|Any CPU.Build.0 = Debug|Any CPU
		{659C7C33-5763-4A44-9DC0-FD7C4527E14D}.Release|Any CPU.ActiveCfg = Release|Any CPU
		{659C7C33-5763-4A44-9DC0-FD7C4527E14D}.Release|Any CPU.Build.0 = Release|Any CPU
		{F47171AB-F8C5-425D-9317-C4688248E626}.Debug|Any CPU.ActiveCfg = Debug|Any CPU
		{F47171AB-F8C5-425D-9317-C4688248E626}.Debug|Any CPU.Build.0 = Debug|Any CPU
		{F47171AB-F8C5-425D-9317-C4688248E626}.Release|Any CPU.ActiveCfg = Release|Any CPU
		{F47171AB-F8C5-425D-9317-C4688248E626}.Release|Any CPU.Build.0 = Release|Any CPU
		{0FCE62E0-31D2-42D0-A344-A536755AE45A}.Debug|Any CPU.ActiveCfg = Debug|Any CPU
		{0FCE62E0-31D2-42D0-A344-A536755AE45A}.Debug|Any CPU.Build.0 = Debug|Any CPU
		{0FCE62E0-31D2-42D0-A344-A536755AE45A}.Release|Any CPU.ActiveCfg = Release|Any CPU
		{0FCE62E0-31D2-42D0-A344-A536755AE45A}.Release|Any CPU.Build.0 = Release|Any CPU
		{D00DF46F-C6D9-4E40-AC54-6EB5CB9567FE}.Debug|Any CPU.ActiveCfg = Debug|Any CPU
		{D00DF46F-C6D9-4E40-AC54-6EB5CB9567FE}.Debug|Any CPU.Build.0 = Debug|Any CPU
		{D00DF46F-C6D9-4E40-AC54-6EB5CB9567FE}.Release|Any CPU.ActiveCfg = Release|Any CPU
		{D00DF46F-C6D9-4E40-AC54-6EB5CB9567FE}.Release|Any CPU.Build.0 = Release|Any CPU
		{F8156F8C-FCDE-4AC8-8511-36A857CFBACF}.Debug|Any CPU.ActiveCfg = Debug|Any CPU
		{F8156F8C-FCDE-4AC8-8511-36A857CFBACF}.Debug|Any CPU.Build.0 = Debug|Any CPU
		{F8156F8C-FCDE-4AC8-8511-36A857CFBACF}.Release|Any CPU.ActiveCfg = Release|Any CPU
		{F8156F8C-FCDE-4AC8-8511-36A857CFBACF}.Release|Any CPU.Build.0 = Release|Any CPU
	EndGlobalSection
	GlobalSection(SolutionProperties) = preSolution
		HideSolutionNode = FALSE
	EndGlobalSection
	GlobalSection(ExtensibilityGlobals) = postSolution
		SolutionGuid = {83537305-14EB-4523-B0E9-8513D7873CE8}
	EndGlobalSection
EndGlobal
