
Microsoft Visual Studio Solution File, Format Version 12.00
# Visual Studio Version 16
VisualStudioVersion = 16.0.30128.74
MinimumVisualStudioVersion = 10.0.40219.1
Project("{FAE04EC0-301F-11D3-BF4B-00C04F79EFBC}") = "Clase_MetodosExtension", "Clase_MetodosExtension\Clase_MetodosExtension.csproj", "{0352A66C-1B12-41BB-8D0D-D04371424D28}"
EndProject
Project("{FAE04EC0-301F-11D3-BF4B-00C04F79EFBC}") = "test_consoleEstaciones", "test_consoleEstaciones\test_consoleEstaciones.csproj", "{A20B8385-AD6F-49F0-8142-599C0AF399E0}"
EndProject
Global
	GlobalSection(SolutionConfigurationPlatforms) = preSolution
		Debug|Any CPU = Debug|Any CPU
		Release|Any CPU = Release|Any CPU
	EndGlobalSection
	GlobalSection(ProjectConfigurationPlatforms) = postSolution
		{0352A66C-1B12-41BB-8D0D-D04371424D28}.Debug|Any CPU.ActiveCfg = Debug|Any CPU
		{0352A66C-1B12-41BB-8D0D-D04371424D28}.Debug|Any CPU.Build.0 = Debug|Any CPU
		{0352A66C-1B12-41BB-8D0D-D04371424D28}.Release|Any CPU.ActiveCfg = Release|Any CPU
		{0352A66C-1B12-41BB-8D0D-D04371424D28}.Release|Any CPU.Build.0 = Release|Any CPU
		{A20B8385-AD6F-49F0-8142-599C0AF399E0}.Debug|Any CPU.ActiveCfg = Debug|Any CPU
		{A20B8385-AD6F-49F0-8142-599C0AF399E0}.Debug|Any CPU.Build.0 = Debug|Any CPU
		{A20B8385-AD6F-49F0-8142-599C0AF399E0}.Release|Any CPU.ActiveCfg = Release|Any CPU
		{A20B8385-AD6F-49F0-8142-599C0AF399E0}.Release|Any CPU.Build.0 = Release|Any CPU
	EndGlobalSection
	GlobalSection(SolutionProperties) = preSolution
		HideSolutionNode = FALSE
	EndGlobalSection
	GlobalSection(ExtensibilityGlobals) = postSolution
		SolutionGuid = {B1D09D0A-779D-434D-83CF-846DC3B7A62D}
	EndGlobalSection
EndGlobal
